
Microsoft Visual Studio Solution File, Format Version 12.00
# Visual Studio Version 17
VisualStudioVersion = 17.5.002.0
MinimumVisualStudioVersion = 10.0.40219.1
Project("{2150E333-8FDC-42A3-9474-1A3956D46DE8}") = "Labfiles", "Labfiles", "{C67815C6-43C3-48EB-A09F-4E026454B75A}"
EndProject
Project("{2150E333-8FDC-42A3-9474-1A3956D46DE8}") = "02-azure-openai-api", "02-azure-openai-api", "{F0EE833A-67AC-49F2-A59C-CACCE9188F4E}"
EndProject
Project("{9A19103F-16F7-4668-BE54-9A1E7A4F7556}") = "CSharp", "Labfiles\02-azure-openai-api\CSharp\CSharp.csproj", "{AE6DA9B1-4F13-4575-91D8-E28994A1ED86}"
EndProject
Project("{2150E333-8FDC-42A3-9474-1A3956D46DE8}") = "03-prompt-engineering", "03-prompt-engineering", "{38A144EC-C74D-4DDC-A365-45284E7848B3}"
EndProject
Project("{9A19103F-16F7-4668-BE54-9A1E7A4F7556}") = "CSharp", "Labfiles\03-prompt-engineering\CSharp\CSharp.csproj", "{D27B6358-6497-464C-80C2-81BCC1D17A17}"
EndProject
Project("{2150E333-8FDC-42A3-9474-1A3956D46DE8}") = "04-code-generation", "04-code-generation", "{AC88134F-2B65-4B63-AF67-42FA47C71C3F}"
EndProject
Project("{9A19103F-16F7-4668-BE54-9A1E7A4F7556}") = "CSharp", "Labfiles\04-code-generation\CSharp\CSharp.csproj", "{CE27AEF8-BBA7-4F61-9762-0441C844447B}"
EndProject
Project("{2150E333-8FDC-42A3-9474-1A3956D46DE8}") = "05-image-generation", "05-image-generation", "{B22FFB4F-9C6B-441A-B51F-BB6C32C0138E}"
EndProject
Project("{9A19103F-16F7-4668-BE54-9A1E7A4F7556}") = "generate_image", "Labfiles\05-image-generation\CSharp\generate_image.csproj", "{821AAE86-D71A-4B8A-B88C-3FACA2E54C8B}"
EndProject
Project("{2150E333-8FDC-42A3-9474-1A3956D46DE8}") = "06-use-own-data", "06-use-own-data", "{E6EAA75C-BBD7-4291-902C-11D41C5E76EE}"
EndProject
Project("{9A19103F-16F7-4668-BE54-9A1E7A4F7556}") = "CSharp", "Labfiles\06-use-own-data\CSharp\CSharp.csproj", "{FF8D7ED1-7DE3-4A69-8311-09986ED74EF9}"
EndProject
Project("{2150E333-8FDC-42A3-9474-1A3956D46DE8}") = "sample-code", "sample-code", "{6F4A44C8-C181-4631-9686-4054AFBE1DA5}"
EndProject
Project("{9A19103F-16F7-4668-BE54-9A1E7A4F7556}") = "CSharp", "Labfiles\04-code-generation\sample-code\go-fish\CSharp.csproj", "{D977323A-30E0-48BF-8753-E6CBC8B12BE6}"
EndProject
Global
	GlobalSection(SolutionConfigurationPlatforms) = preSolution
		Debug|Any CPU = Debug|Any CPU
		Release|Any CPU = Release|Any CPU
	EndGlobalSection
	GlobalSection(ProjectConfigurationPlatforms) = postSolution
		{AE6DA9B1-4F13-4575-91D8-E28994A1ED86}.Debug|Any CPU.ActiveCfg = Debug|Any CPU
		{AE6DA9B1-4F13-4575-91D8-E28994A1ED86}.Debug|Any CPU.Build.0 = Debug|Any CPU
		{AE6DA9B1-4F13-4575-91D8-E28994A1ED86}.Release|Any CPU.ActiveCfg = Release|Any CPU
		{AE6DA9B1-4F13-4575-91D8-E28994A1ED86}.Release|Any CPU.Build.0 = Release|Any CPU
		{D27B6358-6497-464C-80C2-81BCC1D17A17}.Debug|Any CPU.ActiveCfg = Debug|Any CPU
		{D27B6358-6497-464C-80C2-81BCC1D17A17}.Debug|Any CPU.Build.0 = Debug|Any CPU
		{D27B6358-6497-464C-80C2-81BCC1D17A17}.Release|Any CPU.ActiveCfg = Release|Any CPU
		{D27B6358-6497-464C-80C2-81BCC1D17A17}.Release|Any CPU.Build.0 = Release|Any CPU
		{CE27AEF8-BBA7-4F61-9762-0441C844447B}.Debug|Any CPU.ActiveCfg = Debug|Any CPU
		{CE27AEF8-BBA7-4F61-9762-0441C844447B}.Debug|Any CPU.Build.0 = Debug|Any CPU
		{CE27AEF8-BBA7-4F61-9762-0441C844447B}.Release|Any CPU.ActiveCfg = Release|Any CPU
		{CE27AEF8-BBA7-4F61-9762-0441C844447B}.Release|Any CPU.Build.0 = Release|Any CPU
		{821AAE86-D71A-4B8A-B88C-3FACA2E54C8B}.Debug|Any CPU.ActiveCfg = Debug|Any CPU
		{821AAE86-D71A-4B8A-B88C-3FACA2E54C8B}.Debug|Any CPU.Build.0 = Debug|Any CPU
		{821AAE86-D71A-4B8A-B88C-3FACA2E54C8B}.Release|Any CPU.ActiveCfg = Release|Any CPU
		{821AAE86-D71A-4B8A-B88C-3FACA2E54C8B}.Release|Any CPU.Build.0 = Release|Any CPU
		{FF8D7ED1-7DE3-4A69-8311-09986ED74EF9}.Debug|Any CPU.ActiveCfg = Debug|Any CPU
		{FF8D7ED1-7DE3-4A69-8311-09986ED74EF9}.Debug|Any CPU.Build.0 = Debug|Any CPU
		{FF8D7ED1-7DE3-4A69-8311-09986ED74EF9}.Release|Any CPU.ActiveCfg = Release|Any CPU
		{FF8D7ED1-7DE3-4A69-8311-09986ED74EF9}.Release|Any CPU.Build.0 = Release|Any CPU
		{D977323A-30E0-48BF-8753-E6CBC8B12BE6}.Debug|Any CPU.ActiveCfg = Debug|Any CPU
		{D977323A-30E0-48BF-8753-E6CBC8B12BE6}.Debug|Any CPU.Build.0 = Debug|Any CPU
		{D977323A-30E0-48BF-8753-E6CBC8B12BE6}.Release|Any CPU.ActiveCfg = Release|Any CPU
		{D977323A-30E0-48BF-8753-E6CBC8B12BE6}.Release|Any CPU.Build.0 = Release|Any CPU
	EndGlobalSection
	GlobalSection(SolutionProperties) = preSolution
		HideSolutionNode = FALSE
	EndGlobalSection
	GlobalSection(NestedProjects) = preSolution
		{F0EE833A-67AC-49F2-A59C-CACCE9188F4E} = {C67815C6-43C3-48EB-A09F-4E026454B75A}
		{AE6DA9B1-4F13-4575-91D8-E28994A1ED86} = {F0EE833A-67AC-49F2-A59C-CACCE9188F4E}
		{38A144EC-C74D-4DDC-A365-45284E7848B3} = {C67815C6-43C3-48EB-A09F-4E026454B75A}
		{D27B6358-6497-464C-80C2-81BCC1D17A17} = {38A144EC-C74D-4DDC-A365-45284E7848B3}
		{AC88134F-2B65-4B63-AF67-42FA47C71C3F} = {C67815C6-43C3-48EB-A09F-4E026454B75A}
		{CE27AEF8-BBA7-4F61-9762-0441C844447B} = {AC88134F-2B65-4B63-AF67-42FA47C71C3F}
		{B22FFB4F-9C6B-441A-B51F-BB6C32C0138E} = {C67815C6-43C3-48EB-A09F-4E026454B75A}
		{821AAE86-D71A-4B8A-B88C-3FACA2E54C8B} = {B22FFB4F-9C6B-441A-B51F-BB6C32C0138E}
		{E6EAA75C-BBD7-4291-902C-11D41C5E76EE} = {C67815C6-43C3-48EB-A09F-4E026454B75A}
		{FF8D7ED1-7DE3-4A69-8311-09986ED74EF9} = {E6EAA75C-BBD7-4291-902C-11D41C5E76EE}
		{6F4A44C8-C181-4631-9686-4054AFBE1DA5} = {AC88134F-2B65-4B63-AF67-42FA47C71C3F}
		{D977323A-30E0-48BF-8753-E6CBC8B12BE6} = {6F4A44C8-C181-4631-9686-4054AFBE1DA5}
	EndGlobalSection
	GlobalSection(ExtensibilityGlobals) = postSolution
		SolutionGuid = {33F872C7-2DE5-447D-A6B7-08A9B02501AE}
	EndGlobalSection
EndGlobal
